<?xml version="1.0" encoding="utf-8"?>
<Project ToolsVersion="4.0" xmlns="http://schemas.microsoft.com/developer/msbuild/2003">
  <ItemGroup>
    <Filter Include="Black">
      <UniqueIdentifier>{2234E60C-8E48-0EBE-57CA-B11DC39D0AEF}</UniqueIdentifier>
    </Filter>
  </ItemGroup>
  <ItemGroup>
    <ClInclude Include="src\Black.h" />
    <ClInclude Include="src\Black\Application.h">
      <Filter>Black</Filter>
    </ClInclude>
    <ClInclude Include="src\Black\Core.h">
      <Filter>Black</Filter>
    </ClInclude>
    <ClInclude Include="src\Black\EntryPoint.h">
      <Filter>Black</Filter>
    </ClInclude>
    <ClInclude Include="src\Black\Log.h">
      <Filter>Black</Filter>
    </ClInclude>
  </ItemGroup>
  <ItemGroup>
    <ClCompile Include="src\Black\Application.cpp">
      <Filter>Black</Filter>
    </ClCompile>
    <ClCompile Include="src\Black\Log.cpp">
      <Filter>Black</Filter>
    </ClCompile>
  </ItemGroup>
</Project>